
Microsoft Visual Studio Solution File, Format Version 12.00
# Visual Studio Version 17
VisualStudioVersion = 17.5.33414.496
MinimumVisualStudioVersion = 10.0.40219.1
Project("{2150E333-8FDC-42A3-9474-1A3956D46DE8}") = "WindSharing", "WindSharing", "{F580B858-1FCE-4909-BBAE-08F793DC6FC2}"
EndProject
Project("{9A19103F-16F7-4668-BE54-9A1E7A4F7556}") = "Core", "WindSharing\Core\Core.csproj", "{416B2D62-BA16-453B-8F77-C675C5474EAE}"
EndProject
Project("{9A19103F-16F7-4668-BE54-9A1E7A4F7556}") = "DataAccess", "WindSharing\DataAccess\DataAccess.csproj", "{9E24809A-5AC1-4B78-BCA9-15E3C7F8C95B}"
EndProject
Project("{9A19103F-16F7-4668-BE54-9A1E7A4F7556}") = "WebApi", "WindSharing\WebApi\WebApi.csproj", "{ECB63F7C-84AF-4BF2-9B05-13D1ECA97265}"
EndProject
Project("{2150E333-8FDC-42A3-9474-1A3956D46DE8}") = "WeatherApi", "WeatherApi", "{B39B07E4-687E-4DB1-B168-D562F82008D8}"
EndProject
Project("{9A19103F-16F7-4668-BE54-9A1E7A4F7556}") = "WeatherApi", "WeatherApi\WeatherApi.csproj", "{6923CF48-63E6-40D8-9283-3198ADD5B54F}"
EndProject
Project("{2150E333-8FDC-42A3-9474-1A3956D46DE8}") = "ClientApi", "ClientApi", "{93D38785-156D-4DF8-99CD-1871C410ED3C}"
EndProject
Project("{54A90642-561A-4BB1-A94E-469ADEE60C69}") = "ClientApp", "ClientApp\ClientApp.esproj", "{661F6880-61EB-4A22-8E57-C60D40DFE008}"
EndProject
Project("{9A19103F-16F7-4668-BE54-9A1E7A4F7556}") = "SharedModel", "SharedModel\SharedModel.csproj", "{DA3DE0EF-4B67-42BE-AECA-015603E92E2B}"
EndProject
Project("{2150E333-8FDC-42A3-9474-1A3956D46DE8}") = "SharedModel", "SharedModel", "{98E585BF-8446-4FCA-A818-06D7310ED558}"
EndProject
Project("{2150E333-8FDC-42A3-9474-1A3956D46DE8}") = "UnitTests", "UnitTests", "{D41BC265-EDB9-440B-958C-F435275C6882}"
EndProject
Project("{FAE04EC0-301F-11D3-BF4B-00C04F79EFBC}") = "UnitTests", "UnitTests\UnitTests.csproj", "{503230B8-DAD3-43EA-8FC0-70B71D747353}"
EndProject
Global
	GlobalSection(SolutionConfigurationPlatforms) = preSolution
		Debug|Any CPU = Debug|Any CPU
		Release|Any CPU = Release|Any CPU
	EndGlobalSection
	GlobalSection(ProjectConfigurationPlatforms) = postSolution
		{416B2D62-BA16-453B-8F77-C675C5474EAE}.Debug|Any CPU.ActiveCfg = Debug|Any CPU
		{416B2D62-BA16-453B-8F77-C675C5474EAE}.Debug|Any CPU.Build.0 = Debug|Any CPU
		{416B2D62-BA16-453B-8F77-C675C5474EAE}.Release|Any CPU.ActiveCfg = Release|Any CPU
		{416B2D62-BA16-453B-8F77-C675C5474EAE}.Release|Any CPU.Build.0 = Release|Any CPU
		{9E24809A-5AC1-4B78-BCA9-15E3C7F8C95B}.Debug|Any CPU.ActiveCfg = Debug|Any CPU
		{9E24809A-5AC1-4B78-BCA9-15E3C7F8C95B}.Debug|Any CPU.Build.0 = Debug|Any CPU
		{9E24809A-5AC1-4B78-BCA9-15E3C7F8C95B}.Release|Any CPU.ActiveCfg = Release|Any CPU
		{9E24809A-5AC1-4B78-BCA9-15E3C7F8C95B}.Release|Any CPU.Build.0 = Release|Any CPU
		{ECB63F7C-84AF-4BF2-9B05-13D1ECA97265}.Debug|Any CPU.ActiveCfg = Debug|Any CPU
		{ECB63F7C-84AF-4BF2-9B05-13D1ECA97265}.Debug|Any CPU.Build.0 = Debug|Any CPU
		{ECB63F7C-84AF-4BF2-9B05-13D1ECA97265}.Release|Any CPU.ActiveCfg = Release|Any CPU
		{ECB63F7C-84AF-4BF2-9B05-13D1ECA97265}.Release|Any CPU.Build.0 = Release|Any CPU
		{6923CF48-63E6-40D8-9283-3198ADD5B54F}.Debug|Any CPU.ActiveCfg = Debug|Any CPU
		{6923CF48-63E6-40D8-9283-3198ADD5B54F}.Debug|Any CPU.Build.0 = Debug|Any CPU
		{6923CF48-63E6-40D8-9283-3198ADD5B54F}.Release|Any CPU.ActiveCfg = Release|Any CPU
		{6923CF48-63E6-40D8-9283-3198ADD5B54F}.Release|Any CPU.Build.0 = Release|Any CPU
		{661F6880-61EB-4A22-8E57-C60D40DFE008}.Debug|Any CPU.ActiveCfg = Debug|Any CPU
		{661F6880-61EB-4A22-8E57-C60D40DFE008}.Debug|Any CPU.Build.0 = Debug|Any CPU
		{661F6880-61EB-4A22-8E57-C60D40DFE008}.Debug|Any CPU.Deploy.0 = Debug|Any CPU
		{661F6880-61EB-4A22-8E57-C60D40DFE008}.Release|Any CPU.ActiveCfg = Release|Any CPU
		{661F6880-61EB-4A22-8E57-C60D40DFE008}.Release|Any CPU.Build.0 = Release|Any CPU
		{661F6880-61EB-4A22-8E57-C60D40DFE008}.Release|Any CPU.Deploy.0 = Release|Any CPU
		{DA3DE0EF-4B67-42BE-AECA-015603E92E2B}.Debug|Any CPU.ActiveCfg = Debug|Any CPU
		{DA3DE0EF-4B67-42BE-AECA-015603E92E2B}.Debug|Any CPU.Build.0 = Debug|Any CPU
		{DA3DE0EF-4B67-42BE-AECA-015603E92E2B}.Release|Any CPU.ActiveCfg = Release|Any CPU
		{DA3DE0EF-4B67-42BE-AECA-015603E92E2B}.Release|Any CPU.Build.0 = Release|Any CPU
		{503230B8-DAD3-43EA-8FC0-70B71D747353}.Debug|Any CPU.ActiveCfg = Debug|Any CPU
		{503230B8-DAD3-43EA-8FC0-70B71D747353}.Debug|Any CPU.Build.0 = Debug|Any CPU
		{503230B8-DAD3-43EA-8FC0-70B71D747353}.Release|Any CPU.ActiveCfg = Release|Any CPU
		{503230B8-DAD3-43EA-8FC0-70B71D747353}.Release|Any CPU.Build.0 = Release|Any CPU
	EndGlobalSection
	GlobalSection(SolutionProperties) = preSolution
		HideSolutionNode = FALSE
	EndGlobalSection
	GlobalSection(NestedProjects) = preSolution
		{416B2D62-BA16-453B-8F77-C675C5474EAE} = {F580B858-1FCE-4909-BBAE-08F793DC6FC2}
		{9E24809A-5AC1-4B78-BCA9-15E3C7F8C95B} = {F580B858-1FCE-4909-BBAE-08F793DC6FC2}
		{ECB63F7C-84AF-4BF2-9B05-13D1ECA97265} = {F580B858-1FCE-4909-BBAE-08F793DC6FC2}
		{6923CF48-63E6-40D8-9283-3198ADD5B54F} = {B39B07E4-687E-4DB1-B168-D562F82008D8}
		{661F6880-61EB-4A22-8E57-C60D40DFE008} = {93D38785-156D-4DF8-99CD-1871C410ED3C}
		{DA3DE0EF-4B67-42BE-AECA-015603E92E2B} = {98E585BF-8446-4FCA-A818-06D7310ED558}
		{503230B8-DAD3-43EA-8FC0-70B71D747353} = {D41BC265-EDB9-440B-958C-F435275C6882}
	EndGlobalSection
	GlobalSection(ExtensibilityGlobals) = postSolution
		SolutionGuid = {303FFACE-D828-4618-83B3-14E34FBE7EF4}
	EndGlobalSection
EndGlobal
